
Microsoft Visual Studio Solution File, Format Version 12.00
# Visual Studio Version 16
VisualStudioVersion = 16.0.31205.134
MinimumVisualStudioVersion = 10.0.40219.1
Project("{FAE04EC0-301F-11D3-BF4B-00C04F79EFBC}") = "magic8Ball", "magic8Ball\magic8Ball.csproj", "{7B419989-3CB8-477D-9A47-57A6413CE62F}"
EndProject
Global
	GlobalSection(SolutionConfigurationPlatforms) = preSolution
		Debug|Any CPU = Debug|Any CPU
		Release|Any CPU = Release|Any CPU
	EndGlobalSection
	GlobalSection(ProjectConfigurationPlatforms) = postSolution
		{7B419989-3CB8-477D-9A47-57A6413CE62F}.Debug|Any CPU.ActiveCfg = Debug|Any CPU
		{7B419989-3CB8-477D-9A47-57A6413CE62F}.Debug|Any CPU.Build.0 = Debug|Any CPU
		{7B419989-3CB8-477D-9A47-57A6413CE62F}.Release|Any CPU.ActiveCfg = Release|Any CPU
		{7B419989-3CB8-477D-9A47-57A6413CE62F}.Release|Any CPU.Build.0 = Release|Any CPU
	EndGlobalSection
	GlobalSection(SolutionProperties) = preSolution
		HideSolutionNode = FALSE
	EndGlobalSection
	GlobalSection(ExtensibilityGlobals) = postSolution
		SolutionGuid = {7C1E3D55-E750-4675-B774-A82F0EFFBB37}
	EndGlobalSection
EndGlobal
